
Microsoft Visual Studio Solution File, Format Version 12.00
# Visual Studio Version 17
VisualStudioVersion = 17.2.32602.215
MinimumVisualStudioVersion = 10.0.40219.1
Project("{2150E333-8FDC-42A3-9474-1A3956D46DE8}") = "Services", "Services", "{1501FB44-A1DB-4EE9-BF08-11B9FF59BA65}"
EndProject
Project("{2150E333-8FDC-42A3-9474-1A3956D46DE8}") = "Catalog", "Catalog", "{44A85870-9A89-468D-B7AA-565BE811FCFC}"
EndProject
Project("{9A19103F-16F7-4668-BE54-9A1E7A4F7556}") = "Catalog.API", "Services\Catalog\Catalog.API\Catalog.API.csproj", "{053A0B70-78A4-421F-8156-EA71936E0A24}"
EndProject
Project("{E53339B2-1760-4266-BCC7-CA923CBCF16C}") = "docker-compose", "docker-compose.dcproj", "{814CD491-673F-43ED-9121-B3C682F72AA8}"
EndProject
Project("{2150E333-8FDC-42A3-9474-1A3956D46DE8}") = "Basket", "Basket", "{64E6F6F0-2596-4B71-ADED-BA56ED6304B9}"
EndProject
Project("{9A19103F-16F7-4668-BE54-9A1E7A4F7556}") = "Basket.API", "Services\Basket\Basket.API\Basket.API.csproj", "{647D6434-00E8-48CE-A46C-A0A7F3A0943D}"
EndProject
Project("{2150E333-8FDC-42A3-9474-1A3956D46DE8}") = "Discount", "Discount", "{110DD7B5-EE5F-44EB-912C-A921A9FACD9C}"
EndProject
Project("{9A19103F-16F7-4668-BE54-9A1E7A4F7556}") = "Discount.API", "Services\Discount\Discount.API\Discount.API.csproj", "{3F18E6DC-774B-4E83-820E-8A73E25E28DF}"
EndProject
Project("{9A19103F-16F7-4668-BE54-9A1E7A4F7556}") = "Discount.Grpc", "Services\Discount\Discount.Grpc\Discount.Grpc.csproj", "{EBE8F6CE-8985-4E20-AFB3-F186B11B0D35}"
EndProject
Project("{2150E333-8FDC-42A3-9474-1A3956D46DE8}") = "Ordering", "Ordering", "{D2784032-376C-41B8-9A5C-5F19F1135C7A}"
EndProject
Project("{2150E333-8FDC-42A3-9474-1A3956D46DE8}") = "API", "API", "{45F2B545-0AED-4000-B57C-13294C52A4B4}"
EndProject
Project("{9A19103F-16F7-4668-BE54-9A1E7A4F7556}") = "Ordering.API", "Services\Ordering\API\Ordering.API\Ordering.API.csproj", "{23F9216D-42EB-4D54-93B2-1E8BD41A91F1}"
EndProject
Project("{2150E333-8FDC-42A3-9474-1A3956D46DE8}") = "Core", "Core", "{092DFD91-C2E7-4CC2-8D5E-E398E881ED25}"
EndProject
Project("{9A19103F-16F7-4668-BE54-9A1E7A4F7556}") = "Ordering.Domain", "Services\Ordering\Core\Ordering.Domain\Ordering.Domain.csproj", "{24A19503-B554-41BC-96C8-0427C62226E6}"
EndProject
Project("{9A19103F-16F7-4668-BE54-9A1E7A4F7556}") = "Ordering.Application", "Services\Ordering\Core\Ordering.Application\Ordering.Application.csproj", "{612CBD04-4560-4F64-9606-71E43D9B11AE}"
EndProject
Project("{2150E333-8FDC-42A3-9474-1A3956D46DE8}") = "Infrastructure", "Infrastructure", "{4A8A87BF-243E-4BED-8804-AD9DE292EB1A}"
EndProject
Project("{9A19103F-16F7-4668-BE54-9A1E7A4F7556}") = "Ordering.Infrastructure", "Services\Ordering\Infrastructure\Ordering.Infrastructure\Ordering.Infrastructure.csproj", "{4D53DDE0-F7DD-452C-876B-A4109A4ADC71}"
EndProject
Project("{2150E333-8FDC-42A3-9474-1A3956D46DE8}") = "BuildingBlocks", "BuildingBlocks", "{9A83ABEE-CAD4-4833-B575-DA7CAB1E2DEF}"
EndProject
Project("{9A19103F-16F7-4668-BE54-9A1E7A4F7556}") = "EventBus.Messages", "BuildingBlocks\EventBus.Messages\EventBus.Messages.csproj", "{96655DC0-D249-45E4-93FC-22D199551B4C}"
EndProject
Project("{2150E333-8FDC-42A3-9474-1A3956D46DE8}") = "ApiGateways", "ApiGateways", "{79A5D265-DA61-48A7-A323-F34FFEE4DEF2}"
EndProject
Project("{9A19103F-16F7-4668-BE54-9A1E7A4F7556}") = "OcelotApiGw", "ApiGateways\OcelotApiGw\OcelotApiGw.csproj", "{DB0BF35A-411F-43F7-99B0-B1DBD3481691}"
EndProject
Project("{FAE04EC0-301F-11D3-BF4B-00C04F79EFBC}") = "Shopping.Aggregator", "ApiGateways\Shopping.Aggregator\Shopping.Aggregator.csproj", "{814975B5-105D-4018-BBE0-794B160FF16A}"
EndProject
Global
	GlobalSection(SolutionConfigurationPlatforms) = preSolution
		Debug|Any CPU = Debug|Any CPU
		Release|Any CPU = Release|Any CPU
	EndGlobalSection
	GlobalSection(ProjectConfigurationPlatforms) = postSolution
		{053A0B70-78A4-421F-8156-EA71936E0A24}.Debug|Any CPU.ActiveCfg = Debug|Any CPU
		{053A0B70-78A4-421F-8156-EA71936E0A24}.Debug|Any CPU.Build.0 = Debug|Any CPU
		{053A0B70-78A4-421F-8156-EA71936E0A24}.Release|Any CPU.ActiveCfg = Release|Any CPU
		{053A0B70-78A4-421F-8156-EA71936E0A24}.Release|Any CPU.Build.0 = Release|Any CPU
		{814CD491-673F-43ED-9121-B3C682F72AA8}.Debug|Any CPU.ActiveCfg = Debug|Any CPU
		{814CD491-673F-43ED-9121-B3C682F72AA8}.Debug|Any CPU.Build.0 = Debug|Any CPU
		{814CD491-673F-43ED-9121-B3C682F72AA8}.Release|Any CPU.ActiveCfg = Release|Any CPU
		{814CD491-673F-43ED-9121-B3C682F72AA8}.Release|Any CPU.Build.0 = Release|Any CPU
		{647D6434-00E8-48CE-A46C-A0A7F3A0943D}.Debug|Any CPU.ActiveCfg = Debug|Any CPU
		{647D6434-00E8-48CE-A46C-A0A7F3A0943D}.Debug|Any CPU.Build.0 = Debug|Any CPU
		{647D6434-00E8-48CE-A46C-A0A7F3A0943D}.Release|Any CPU.ActiveCfg = Release|Any CPU
		{647D6434-00E8-48CE-A46C-A0A7F3A0943D}.Release|Any CPU.Build.0 = Release|Any CPU
		{3F18E6DC-774B-4E83-820E-8A73E25E28DF}.Debug|Any CPU.ActiveCfg = Debug|Any CPU
		{3F18E6DC-774B-4E83-820E-8A73E25E28DF}.Debug|Any CPU.Build.0 = Debug|Any CPU
		{3F18E6DC-774B-4E83-820E-8A73E25E28DF}.Release|Any CPU.ActiveCfg = Release|Any CPU
		{3F18E6DC-774B-4E83-820E-8A73E25E28DF}.Release|Any CPU.Build.0 = Release|Any CPU
		{EBE8F6CE-8985-4E20-AFB3-F186B11B0D35}.Debug|Any CPU.ActiveCfg = Debug|Any CPU
		{EBE8F6CE-8985-4E20-AFB3-F186B11B0D35}.Debug|Any CPU.Build.0 = Debug|Any CPU
		{EBE8F6CE-8985-4E20-AFB3-F186B11B0D35}.Release|Any CPU.ActiveCfg = Release|Any CPU
		{EBE8F6CE-8985-4E20-AFB3-F186B11B0D35}.Release|Any CPU.Build.0 = Release|Any CPU
		{23F9216D-42EB-4D54-93B2-1E8BD41A91F1}.Debug|Any CPU.ActiveCfg = Debug|Any CPU
		{23F9216D-42EB-4D54-93B2-1E8BD41A91F1}.Debug|Any CPU.Build.0 = Debug|Any CPU
		{23F9216D-42EB-4D54-93B2-1E8BD41A91F1}.Release|Any CPU.ActiveCfg = Release|Any CPU
		{23F9216D-42EB-4D54-93B2-1E8BD41A91F1}.Release|Any CPU.Build.0 = Release|Any CPU
		{24A19503-B554-41BC-96C8-0427C62226E6}.Debug|Any CPU.ActiveCfg = Debug|Any CPU
		{24A19503-B554-41BC-96C8-0427C62226E6}.Debug|Any CPU.Build.0 = Debug|Any CPU
		{24A19503-B554-41BC-96C8-0427C62226E6}.Release|Any CPU.ActiveCfg = Release|Any CPU
		{24A19503-B554-41BC-96C8-0427C62226E6}.Release|Any CPU.Build.0 = Release|Any CPU
		{612CBD04-4560-4F64-9606-71E43D9B11AE}.Debug|Any CPU.ActiveCfg = Debug|Any CPU
		{612CBD04-4560-4F64-9606-71E43D9B11AE}.Debug|Any CPU.Build.0 = Debug|Any CPU
		{612CBD04-4560-4F64-9606-71E43D9B11AE}.Release|Any CPU.ActiveCfg = Release|Any CPU
		{612CBD04-4560-4F64-9606-71E43D9B11AE}.Release|Any CPU.Build.0 = Release|Any CPU
		{4D53DDE0-F7DD-452C-876B-A4109A4ADC71}.Debug|Any CPU.ActiveCfg = Debug|Any CPU
		{4D53DDE0-F7DD-452C-876B-A4109A4ADC71}.Debug|Any CPU.Build.0 = Debug|Any CPU
		{4D53DDE0-F7DD-452C-876B-A4109A4ADC71}.Release|Any CPU.ActiveCfg = Release|Any CPU
		{4D53DDE0-F7DD-452C-876B-A4109A4ADC71}.Release|Any CPU.Build.0 = Release|Any CPU
		{96655DC0-D249-45E4-93FC-22D199551B4C}.Debug|Any CPU.ActiveCfg = Debug|Any CPU
		{96655DC0-D249-45E4-93FC-22D199551B4C}.Debug|Any CPU.Build.0 = Debug|Any CPU
		{96655DC0-D249-45E4-93FC-22D199551B4C}.Release|Any CPU.ActiveCfg = Release|Any CPU
		{96655DC0-D249-45E4-93FC-22D199551B4C}.Release|Any CPU.Build.0 = Release|Any CPU
		{DB0BF35A-411F-43F7-99B0-B1DBD3481691}.Debug|Any CPU.ActiveCfg = Debug|Any CPU
		{DB0BF35A-411F-43F7-99B0-B1DBD3481691}.Debug|Any CPU.Build.0 = Debug|Any CPU
		{DB0BF35A-411F-43F7-99B0-B1DBD3481691}.Release|Any CPU.ActiveCfg = Release|Any CPU
		{DB0BF35A-411F-43F7-99B0-B1DBD3481691}.Release|Any CPU.Build.0 = Release|Any CPU
		{814975B5-105D-4018-BBE0-794B160FF16A}.Debug|Any CPU.ActiveCfg = Debug|Any CPU
		{814975B5-105D-4018-BBE0-794B160FF16A}.Debug|Any CPU.Build.0 = Debug|Any CPU
		{814975B5-105D-4018-BBE0-794B160FF16A}.Release|Any CPU.ActiveCfg = Release|Any CPU
		{814975B5-105D-4018-BBE0-794B160FF16A}.Release|Any CPU.Build.0 = Release|Any CPU
	EndGlobalSection
	GlobalSection(SolutionProperties) = preSolution
		HideSolutionNode = FALSE
	EndGlobalSection
	GlobalSection(NestedProjects) = preSolution
		{44A85870-9A89-468D-B7AA-565BE811FCFC} = {1501FB44-A1DB-4EE9-BF08-11B9FF59BA65}
		{053A0B70-78A4-421F-8156-EA71936E0A24} = {44A85870-9A89-468D-B7AA-565BE811FCFC}
		{64E6F6F0-2596-4B71-ADED-BA56ED6304B9} = {1501FB44-A1DB-4EE9-BF08-11B9FF59BA65}
		{647D6434-00E8-48CE-A46C-A0A7F3A0943D} = {64E6F6F0-2596-4B71-ADED-BA56ED6304B9}
		{110DD7B5-EE5F-44EB-912C-A921A9FACD9C} = {1501FB44-A1DB-4EE9-BF08-11B9FF59BA65}
		{3F18E6DC-774B-4E83-820E-8A73E25E28DF} = {110DD7B5-EE5F-44EB-912C-A921A9FACD9C}
		{EBE8F6CE-8985-4E20-AFB3-F186B11B0D35} = {110DD7B5-EE5F-44EB-912C-A921A9FACD9C}
		{D2784032-376C-41B8-9A5C-5F19F1135C7A} = {1501FB44-A1DB-4EE9-BF08-11B9FF59BA65}
		{45F2B545-0AED-4000-B57C-13294C52A4B4} = {D2784032-376C-41B8-9A5C-5F19F1135C7A}
		{23F9216D-42EB-4D54-93B2-1E8BD41A91F1} = {45F2B545-0AED-4000-B57C-13294C52A4B4}
		{092DFD91-C2E7-4CC2-8D5E-E398E881ED25} = {D2784032-376C-41B8-9A5C-5F19F1135C7A}
		{24A19503-B554-41BC-96C8-0427C62226E6} = {092DFD91-C2E7-4CC2-8D5E-E398E881ED25}
		{612CBD04-4560-4F64-9606-71E43D9B11AE} = {092DFD91-C2E7-4CC2-8D5E-E398E881ED25}
		{4A8A87BF-243E-4BED-8804-AD9DE292EB1A} = {D2784032-376C-41B8-9A5C-5F19F1135C7A}
		{4D53DDE0-F7DD-452C-876B-A4109A4ADC71} = {4A8A87BF-243E-4BED-8804-AD9DE292EB1A}
		{96655DC0-D249-45E4-93FC-22D199551B4C} = {9A83ABEE-CAD4-4833-B575-DA7CAB1E2DEF}
		{DB0BF35A-411F-43F7-99B0-B1DBD3481691} = {79A5D265-DA61-48A7-A323-F34FFEE4DEF2}
		{814975B5-105D-4018-BBE0-794B160FF16A} = {79A5D265-DA61-48A7-A323-F34FFEE4DEF2}
	EndGlobalSection
	GlobalSection(ExtensibilityGlobals) = postSolution
		SolutionGuid = {72787E1D-CCC6-4ED9-B9FB-D0919664DBDE}
	EndGlobalSection
EndGlobal
